{
  "name": "geng-leetcoder",
  "version": "1.0.0",
  "lockfileVersion": 2,
  "requires": true,
  "packages": {
    "": {
      "name": "geng-leetcoder",
      "version": "1.0.0",
      "license": "MIT",
      "bin": {
        "geng-leetcoder": "src/main.js"
      },
      "devDependencies": {
        "commander": "^11.0.0"
      }
    },
    "node_modules/commander": {
      "version": "11.0.0",
      "resolved": "https://registry.npmmirror.com/commander/-/commander-11.0.0.tgz",
      "integrity": "sha512-9HMlXtt/BNoYr8ooyjjNRdIilOTkVJXB+GhxMTtOKwk0R4j4lS4NpjuqmRxroBfnfTSHQIHQB7wryHhXarNjmQ==",
      "dev": true,
      "engines": {
        "node": ">=16"
      }
    }
  },
  "dependencies": {
    "commander": {
      "version": "11.0.0",
      "resolved": "https://registry.npmmirror.com/commander/-/commander-11.0.0.tgz",
      "integrity": "sha512-9HMlXtt/BNoYr8ooyjjNRdIilOTkVJXB+GhxMTtOKwk0R4j4lS4NpjuqmRxroBfnfTSHQIHQB7wryHhXarNjmQ==",
      "dev": true
    }
  }
}
